
Microsoft Visual Studio Solution File, Format Version 12.00
# Visual Studio Version 17
VisualStudioVersion = 17.5.33530.505
MinimumVisualStudioVersion = 10.0.40219.1
Project("{FAE04EC0-301F-11D3-BF4B-00C04F79EFBC}") = "CalulatingPower", "CalulatingPower\CalulatingPower.csproj", "{4C597D9B-D4CD-47A3-A263-699EC08FF93F}"
EndProject
Global
	GlobalSection(SolutionConfigurationPlatforms) = preSolution
		Debug|Any CPU = Debug|Any CPU
		Release|Any CPU = Release|Any CPU
	EndGlobalSection
	GlobalSection(ProjectConfigurationPlatforms) = postSolution
		{4C597D9B-D4CD-47A3-A263-699EC08FF93F}.Debug|Any CPU.ActiveCfg = Debug|Any CPU
		{4C597D9B-D4CD-47A3-A263-699EC08FF93F}.Debug|Any CPU.Build.0 = Debug|Any CPU
		{4C597D9B-D4CD-47A3-A263-699EC08FF93F}.Release|Any CPU.ActiveCfg = Release|Any CPU
		{4C597D9B-D4CD-47A3-A263-699EC08FF93F}.Release|Any CPU.Build.0 = Release|Any CPU
	EndGlobalSection
	GlobalSection(SolutionProperties) = preSolution
		HideSolutionNode = FALSE
	EndGlobalSection
	GlobalSection(ExtensibilityGlobals) = postSolution
		SolutionGuid = {C07AE199-0DA1-455D-AB47-72154E5985AC}
	EndGlobalSection
EndGlobal
